// !$*UTF8*$!
{
	archiveVersion = 1;
	classes = {
	};
	objectVersion = 50;
	objects = {

/* Begin PBXBuildFile section */
		375A853229223E21846E85C0 /* Pods_LiverpoolExercise.framework in Frameworks */ = {isa = PBXBuildFile; fileRef = 753F3483CE8DC96F3A487D16 /* Pods_LiverpoolExercise.framework */; };
		7A667A2B212A4326001D751F /* AppDelegate.swift in Sources */ = {isa = PBXBuildFile; fileRef = 7A667A2A212A4326001D751F /* AppDelegate.swift */; };
		7A667A30212A4326001D751F /* Main.storyboard in Resources */ = {isa = PBXBuildFile; fileRef = 7A667A2E212A4326001D751F /* Main.storyboard */; };
		7A667A33212A4326001D751F /* LiverpoolExercise.xcdatamodeld in Sources */ = {isa = PBXBuildFile; fileRef = 7A667A31212A4326001D751F /* LiverpoolExercise.xcdatamodeld */; };
		7A667A35212A4326001D751F /* Assets.xcassets in Resources */ = {isa = PBXBuildFile; fileRef = 7A667A34212A4326001D751F /* Assets.xcassets */; };
		7A667A38212A4326001D751F /* LaunchScreen.storyboard in Resources */ = {isa = PBXBuildFile; fileRef = 7A667A36212A4326001D751F /* LaunchScreen.storyboard */; };
		7AA1578F212A48DE00F23B51 /* ProductViewController.swift in Sources */ = {isa = PBXBuildFile; fileRef = 7AA1578E212A48DE00F23B51 /* ProductViewController.swift */; };
		7AA15791212A494900F23B51 /* ExtensionProductViewController.swift in Sources */ = {isa = PBXBuildFile; fileRef = 7AA15790212A494900F23B51 /* ExtensionProductViewController.swift */; };
		7AA15793212A522D00F23B51 /* ProductModel.swift in Sources */ = {isa = PBXBuildFile; fileRef = 7AA15792212A522D00F23B51 /* ProductModel.swift */; };
		7AA15795212A537800F23B51 /* Service.swift in Sources */ = {isa = PBXBuildFile; fileRef = 7AA15794212A537800F23B51 /* Service.swift */; };
		7AA15797212A53FA00F23B51 /* ProductTableViewCell.swift in Sources */ = {isa = PBXBuildFile; fileRef = 7AA15796212A53FA00F23B51 /* ProductTableViewCell.swift */; };
		7AA1579A212A599600F23B51 /* ProductViewModel.swift in Sources */ = {isa = PBXBuildFile; fileRef = 7AA15799212A599600F23B51 /* ProductViewModel.swift */; };
		7AD64976212A46770040D031 /* Alamofire.framework in Frameworks */ = {isa = PBXBuildFile; fileRef = 7AD64975212A46770040D031 /* Alamofire.framework */; };
/* End PBXBuildFile section */

/* Begin PBXFileReference section */
		03DBECBFDE2F6D0888A8049A /* Pods-LiverpoolExercise.release.xcconfig */ = {isa = PBXFileReference; includeInIndex = 1; lastKnownFileType = text.xcconfig; name = "Pods-LiverpoolExercise.release.xcconfig"; path = "Pods/Target Support Files/Pods-LiverpoolExercise/Pods-LiverpoolExercise.release.xcconfig"; sourceTree = "<group>"; };
		0C8E6E02F4AC29FB525CF99C /* Pods-LiverpoolExercise.debug.xcconfig */ = {isa = PBXFileReference; includeInIndex = 1; lastKnownFileType = text.xcconfig; name = "Pods-LiverpoolExercise.debug.xcconfig"; path = "Pods/Target Support Files/Pods-LiverpoolExercise/Pods-LiverpoolExercise.debug.xcconfig"; sourceTree = "<group>"; };
		753F3483CE8DC96F3A487D16 /* Pods_LiverpoolExercise.framework */ = {isa = PBXFileReference; explicitFileType = wrapper.framework; includeInIndex = 0; path = Pods_LiverpoolExercise.framework; sourceTree = BUILT_PRODUCTS_DIR; };
		7A667A27212A4326001D751F /* LiverpoolExercise.app */ = {isa = PBXFileReference; explicitFileType = wrapper.application; includeInIndex = 0; path = LiverpoolExercise.app; sourceTree = BUILT_PRODUCTS_DIR; };
		7A667A2A212A4326001D751F /* AppDelegate.swift */ = {isa = PBXFileReference; lastKnownFileType = sourcecode.swift; path = AppDelegate.swift; sourceTree = "<group>"; };
		7A667A2F212A4326001D751F /* Base */ = {isa = PBXFileReference; lastKnownFileType = file.storyboard; name = Base; path = Base.lproj/Main.storyboard; sourceTree = "<group>"; };
		7A667A32212A4326001D751F /* LiverpoolExercise.xcdatamodel */ = {isa = PBXFileReference; lastKnownFileType = wrapper.xcdatamodel; path = LiverpoolExercise.xcdatamodel; sourceTree = "<group>"; };
		7A667A34212A4326001D751F /* Assets.xcassets */ = {isa = PBXFileReference; lastKnownFileType = folder.assetcatalog; path = Assets.xcassets; sourceTree = "<group>"; };
		7A667A37212A4326001D751F /* Base */ = {isa = PBXFileReference; lastKnownFileType = file.storyboard; name = Base; path = Base.lproj/LaunchScreen.storyboard; sourceTree = "<group>"; };
		7A667A39212A4326001D751F /* Info.plist */ = {isa = PBXFileReference; lastKnownFileType = text.plist.xml; path = Info.plist; sourceTree = "<group>"; };
		7AA1578E212A48DE00F23B51 /* ProductViewController.swift */ = {isa = PBXFileReference; lastKnownFileType = sourcecode.swift; path = ProductViewController.swift; sourceTree = "<group>"; };
		7AA15790212A494900F23B51 /* ExtensionProductViewController.swift */ = {isa = PBXFileReference; lastKnownFileType = sourcecode.swift; path = ExtensionProductViewController.swift; sourceTree = "<group>"; };
		7AA15792212A522D00F23B51 /* ProductModel.swift */ = {isa = PBXFileReference; lastKnownFileType = sourcecode.swift; path = ProductModel.swift; sourceTree = "<group>"; };
		7AA15794212A537800F23B51 /* Service.swift */ = {isa = PBXFileReference; lastKnownFileType = sourcecode.swift; path = Service.swift; sourceTree = "<group>"; };
		7AA15796212A53FA00F23B51 /* ProductTableViewCell.swift */ = {isa = PBXFileReference; lastKnownFileType = sourcecode.swift; path = ProductTableViewCell.swift; sourceTree = "<group>"; };
		7AA15799212A599600F23B51 /* ProductViewModel.swift */ = {isa = PBXFileReference; lastKnownFileType = sourcecode.swift; path = ProductViewModel.swift; sourceTree = "<group>"; };
		7AD64973212A461B0040D031 /* Alamofire.framework */ = {isa = PBXFileReference; explicitFileType = wrapper.framework; path = Alamofire.framework; sourceTree = BUILT_PRODUCTS_DIR; };
		7AD64975212A46770040D031 /* Alamofire.framework */ = {isa = PBXFileReference; explicitFileType = wrapper.framework; path = Alamofire.framework; sourceTree = BUILT_PRODUCTS_DIR; };
/* End PBXFileReference section */

/* Begin PBXFrameworksBuildPhase section */
		7A667A24212A4326001D751F /* Frameworks */ = {
			isa = PBXFrameworksBuildPhase;
			buildActionMask = 2147483647;
			files = (
				7AD64976212A46770040D031 /* Alamofire.framework in Frameworks */,
				375A853229223E21846E85C0 /* Pods_LiverpoolExercise.framework in Frameworks */,
			);
			runOnlyForDeploymentPostprocessing = 0;
		};
/* End PBXFrameworksBuildPhase section */

/* Begin PBXGroup section */
		7A667A1E212A4326001D751F = {
			isa = PBXGroup;
			children = (
				7A667A29212A4326001D751F /* LiverpoolExercise */,
				7A667A28212A4326001D751F /* Products */,
				9CA3A37B32C1D7E4D3F6A144 /* Frameworks */,
				E71F539D7F2F02E87AEAA51A /* Pods */,
			);
			sourceTree = "<group>";
		};
		7A667A28212A4326001D751F /* Products */ = {
			isa = PBXGroup;
			children = (
				7A667A27212A4326001D751F /* LiverpoolExercise.app */,
			);
			name = Products;
			sourceTree = "<group>";
		};
		7A667A29212A4326001D751F /* LiverpoolExercise */ = {
			isa = PBXGroup;
			children = (
				7AA15787212A486700F23B51 /* Product */,
				7A667A2A212A4326001D751F /* AppDelegate.swift */,
				7A667A34212A4326001D751F /* Assets.xcassets */,
				7A667A36212A4326001D751F /* LaunchScreen.storyboard */,
				7A667A39212A4326001D751F /* Info.plist */,
				7A667A31212A4326001D751F /* LiverpoolExercise.xcdatamodeld */,
			);
			path = LiverpoolExercise;
			sourceTree = "<group>";
		};
		7AA15787212A486700F23B51 /* Product */ = {
			isa = PBXGroup;
			children = (
				7AA1578D212A48A800F23B51 /* Common */,
				7AA1578A212A487A00F23B51 /* ViewModel */,
				7AA15789212A487400F23B51 /* View */,
				7AA15788212A486D00F23B51 /* Model */,
			);
			path = Product;
			sourceTree = "<group>";
		};
		7AA15788212A486D00F23B51 /* Model */ = {
			isa = PBXGroup;
			children = (
				7AA15792212A522D00F23B51 /* ProductModel.swift */,
			);
			path = Model;
			sourceTree = "<group>";
		};
		7AA15789212A487400F23B51 /* View */ = {
			isa = PBXGroup;
			children = (
				7AA1578C212A488F00F23B51 /* Controllers */,
				7AA1578B212A488600F23B51 /* Resources */,
			);
			path = View;
			sourceTree = "<group>";
		};
		7AA1578A212A487A00F23B51 /* ViewModel */ = {
			isa = PBXGroup;
			children = (
				7AA15799212A599600F23B51 /* ProductViewModel.swift */,
			);
			path = ViewModel;
			sourceTree = "<group>";
		};
		7AA1578B212A488600F23B51 /* Resources */ = {
			isa = PBXGroup;
			children = (
				7A667A2E212A4326001D751F /* Main.storyboard */,
			);
			path = Resources;
			sourceTree = "<group>";
		};
		7AA1578C212A488F00F23B51 /* Controllers */ = {
			isa = PBXGroup;
			children = (
				7AA1578E212A48DE00F23B51 /* ProductViewController.swift */,
				7AA15790212A494900F23B51 /* ExtensionProductViewController.swift */,
				7AA15798212A53FF00F23B51 /* ProductTableViewCell */,
			);
			path = Controllers;
			sourceTree = "<group>";
		};
		7AA1578D212A48A800F23B51 /* Common */ = {
			isa = PBXGroup;
			children = (
				7AA15794212A537800F23B51 /* Service.swift */,
			);
			path = Common;
			sourceTree = "<group>";
		};
		7AA15798212A53FF00F23B51 /* ProductTableViewCell */ = {
			isa = PBXGroup;
			children = (
				7AA15796212A53FA00F23B51 /* ProductTableViewCell.swift */,
			);
			path = ProductTableViewCell;
			sourceTree = "<group>";
		};
		9CA3A37B32C1D7E4D3F6A144 /* Frameworks */ = {
			isa = PBXGroup;
			children = (
				7AD64975212A46770040D031 /* Alamofire.framework */,
				7AD64973212A461B0040D031 /* Alamofire.framework */,
				753F3483CE8DC96F3A487D16 /* Pods_LiverpoolExercise.framework */,
			);
			name = Frameworks;
			sourceTree = "<group>";
		};
		E71F539D7F2F02E87AEAA51A /* Pods */ = {
			isa = PBXGroup;
			children = (
				0C8E6E02F4AC29FB525CF99C /* Pods-LiverpoolExercise.debug.xcconfig */,
				03DBECBFDE2F6D0888A8049A /* Pods-LiverpoolExercise.release.xcconfig */,
			);
			name = Pods;
			sourceTree = "<group>";
		};
/* End PBXGroup section */

/* Begin PBXNativeTarget section */
		7A667A26212A4326001D751F /* LiverpoolExercise */ = {
			isa = PBXNativeTarget;
			buildConfigurationList = 7A667A3C212A4326001D751F /* Build configuration list for PBXNativeTarget "LiverpoolExercise" */;
			buildPhases = (
				8882D8869DCD0B1DB582DFE3 /* [CP] Check Pods Manifest.lock */,
				7A667A23212A4326001D751F /* Sources */,
				7A667A24212A4326001D751F /* Frameworks */,
				7A667A25212A4326001D751F /* Resources */,
				FC5D3C208AB76A6C49FD3E0B /* [CP] Embed Pods Frameworks */,
				C1C2641EBC185143296C1C3C /* [CP] Copy Pods Resources */,
			);
			buildRules = (
			);
			dependencies = (
			);
			name = LiverpoolExercise;
			productName = LiverpoolExercise;
			productReference = 7A667A27212A4326001D751F /* LiverpoolExercise.app */;
			productType = "com.apple.product-type.application";
		};
/* End PBXNativeTarget section */

/* Begin PBXProject section */
		7A667A1F212A4326001D751F /* Project object */ = {
			isa = PBXProject;
			attributes = {
				LastSwiftUpdateCheck = 0940;
				LastUpgradeCheck = 0940;
				ORGANIZATIONNAME = "Ivan Lopez Ansaldo";
				TargetAttributes = {
					7A667A26212A4326001D751F = {
						CreatedOnToolsVersion = 9.4.1;
					};
				};
			};
			buildConfigurationList = 7A667A22212A4326001D751F /* Build configuration list for PBXProject "LiverpoolExercise" */;
			compatibilityVersion = "Xcode 9.3";
			developmentRegion = en;
			hasScannedForEncodings = 0;
			knownRegions = (
				en,
				Base,
			);
			mainGroup = 7A667A1E212A4326001D751F;
			productRefGroup = 7A667A28212A4326001D751F /* Products */;
			projectDirPath = "";
			projectRoot = "";
			targets = (
				7A667A26212A4326001D751F /* LiverpoolExercise */,
			);
		};
/* End PBXProject section */

/* Begin PBXResourcesBuildPhase section */
		7A667A25212A4326001D751F /* Resources */ = {
			isa = PBXResourcesBuildPhase;
			buildActionMask = 2147483647;
			files = (
				7A667A38212A4326001D751F /* LaunchScreen.storyboard in Resources */,
				7A667A35212A4326001D751F /* Assets.xcassets in Resources */,
				7A667A30212A4326001D751F /* Main.storyboard in Resources */,
			);
			runOnlyForDeploymentPostprocessing = 0;
		};
/* End PBXResourcesBuildPhase section */

/* Begin PBXShellScriptBuildPhase section */
		8882D8869DCD0B1DB582DFE3 /* [CP] Check Pods Manifest.lock */ = {
			isa = PBXShellScriptBuildPhase;
			buildActionMask = 2147483647;
			files = (
			);
			inputPaths = (
				"${PODS_PODFILE_DIR_PATH}/Podfile.lock",
				"${PODS_ROOT}/Manifest.lock",
			);
			name = "[CP] Check Pods Manifest.lock";
			outputPaths = (
				"$(DERIVED_FILE_DIR)/Pods-LiverpoolExercise-checkManifestLockResult.txt",
			);
			runOnlyForDeploymentPostprocessing = 0;
			shellPath = /bin/sh;
			shellScript = "diff \"${PODS_PODFILE_DIR_PATH}/Podfile.lock\" \"${PODS_ROOT}/Manifest.lock\" > /dev/null\nif [ $? != 0 ] ; then\n    # print error to STDERR\n    echo \"error: The sandbox is not in sync with the Podfile.lock. Run 'pod install' or update your CocoaPods installation.\" >&2\n    exit 1\nfi\n# This output is used by Xcode 'outputs' to avoid re-running this script phase.\necho \"SUCCESS\" > \"${SCRIPT_OUTPUT_FILE_0}\"\n";
			showEnvVarsInLog = 0;
		};
		C1C2641EBC185143296C1C3C /* [CP] Copy Pods Resources */ = {
			isa = PBXShellScriptBuildPhase;
			buildActionMask = 2147483647;
			files = (
			);
			inputPaths = (
			);
			name = "[CP] Copy Pods Resources";
			outputPaths = (
			);
			runOnlyForDeploymentPostprocessing = 0;
			shellPath = /bin/sh;
			shellScript = "\"${SRCROOT}/Pods/Target Support Files/Pods-LiverpoolExercise/Pods-LiverpoolExercise-resources.sh\"\n";
			showEnvVarsInLog = 0;
		};
		FC5D3C208AB76A6C49FD3E0B /* [CP] Embed Pods Frameworks */ = {
			isa = PBXShellScriptBuildPhase;
			buildActionMask = 2147483647;
			files = (
			);
			inputPaths = (
				"${SRCROOT}/Pods/Target Support Files/Pods-LiverpoolExercise/Pods-LiverpoolExercise-frameworks.sh",
				"${BUILT_PRODUCTS_DIR}/Alamofire/Alamofire.framework",
				"${BUILT_PRODUCTS_DIR}/SwiftyJSON/SwiftyJSON.framework",
			);
			name = "[CP] Embed Pods Frameworks";
			outputPaths = (
				"${TARGET_BUILD_DIR}/${FRAMEWORKS_FOLDER_PATH}/Alamofire.framework",
				"${TARGET_BUILD_DIR}/${FRAMEWORKS_FOLDER_PATH}/SwiftyJSON.framework",
			);
			runOnlyForDeploymentPostprocessing = 0;
			shellPath = /bin/sh;
			shellScript = "\"${SRCROOT}/Pods/Target Support Files/Pods-LiverpoolExercise/Pods-LiverpoolExercise-frameworks.sh\"\n";
			showEnvVarsInLog = 0;
		};
/* End PBXShellScriptBuildPhase section */

/* Begin PBXSourcesBuildPhase section */
		7A667A23212A4326001D751F /* Sources */ = {
			isa = PBXSourcesBuildPhase;
			buildActionMask = 2147483647;
			files = (
				7AA15791212A494900F23B51 /* ExtensionProductViewController.swift in Sources */,
				7AA1578F212A48DE00F23B51 /* ProductViewController.swift in Sources */,
				7AA15797212A53FA00F23B51 /* ProductTableViewCell.swift in Sources */,
				7A667A33212A4326001D751F /* LiverpoolExercise.xcdatamodeld in Sources */,
				7A667A2B212A4326001D751F /* AppDelegate.swift in Sources */,
				7AA15793212A522D00F23B51 /* ProductModel.swift in Sources */,
				7AA1579A212A599600F23B51 /* ProductViewModel.swift in Sources */,
				7AA15795212A537800F23B51 /* Service.swift in Sources */,
			);
			runOnlyForDeploymentPostprocessing = 0;
		};
/* End PBXSourcesBuildPhase section */

/* Begin PBXVariantGroup section */
		7A667A2E212A4326001D751F /* Main.storyboard */ = {
			isa = PBXVariantGroup;
			children = (
				7A667A2F212A4326001D751F /* Base */,
			);
			name = Main.storyboard;
			sourceTree = "<group>";
		};
		7A667A36212A4326001D751F /* LaunchScreen.storyboard */ = {
			isa = PBXVariantGroup;
			children = (
				7A667A37212A4326001D751F /* Base */,
			);
			name = LaunchScreen.storyboard;
			sourceTree = "<group>";
		};
/* End PBXVariantGroup section */

/* Begin XCBuildConfiguration section */
		7A667A3A212A4326001D751F /* Debug */ = {
			isa = XCBuildConfiguration;
			buildSettings = {
				ALWAYS_SEARCH_USER_PATHS = NO;
				CLANG_ANALYZER_NONNULL = YES;
				CLANG_ANALYZER_NUMBER_OBJECT_CONVERSION = YES_AGGRESSIVE;
				CLANG_CXX_LANGUAGE_STANDARD = "gnu++14";
				CLANG_CXX_LIBRARY = "libc++";
				CLANG_ENABLE_MODULES = YES;
				CLANG_ENABLE_OBJC_ARC = YES;
				CLANG_ENABLE_OBJC_WEAK = YES;
				CLANG_WARN_BLOCK_CAPTURE_AUTORELEASING = YES;
				CLANG_WARN_BOOL_CONVERSION = YES;
				CLANG_WARN_COMMA = YES;
				CLANG_WARN_CONSTANT_CONVERSION = YES;
				CLANG_WARN_DEPRECATED_OBJC_IMPLEMENTATIONS = YES;
				CLANG_WARN_DIRECT_OBJC_ISA_USAGE = YES_ERROR;
				CLANG_WARN_DOCUMENTATION_COMMENTS = YES;
				CLANG_WARN_EMPTY_BODY = YES;
				CLANG_WARN_ENUM_CONVERSION = YES;
				CLANG_WARN_INFINITE_RECURSION = YES;
				CLANG_WARN_INT_CONVERSION = YES;
				CLANG_WARN_NON_LITERAL_NULL_CONVERSION = YES;
				CLANG_WARN_OBJC_IMPLICIT_RETAIN_SELF = YES;
				CLANG_WARN_OBJC_LITERAL_CONVERSION = YES;
				CLANG_WARN_OBJC_ROOT_CLASS = YES_ERROR;
				CLANG_WARN_RANGE_LOOP_ANALYSIS = YES;
				CLANG_WARN_STRICT_PROTOTYPES = YES;
				CLANG_WARN_SUSPICIOUS_MOVE = YES;
				CLANG_WARN_UNGUARDED_AVAILABILITY = YES_AGGRESSIVE;
				CLANG_WARN_UNREACHABLE_CODE = YES;
				CLANG_WARN__DUPLICATE_METHOD_MATCH = YES;
				CODE_SIGN_IDENTITY = "iPhone Developer";
				COPY_PHASE_STRIP = NO;
				DEBUG_INFORMATION_FORMAT = dwarf;
				ENABLE_STRICT_OBJC_MSGSEND = YES;
				ENABLE_TESTABILITY = YES;
				GCC_C_LANGUAGE_STANDARD = gnu11;
				GCC_DYNAMIC_NO_PIC = NO;
				GCC_NO_COMMON_BLOCKS = YES;
				GCC_OPTIMIZATION_LEVEL = 0;
				GCC_PREPROCESSOR_DEFINITIONS = (
					"DEBUG=1",
					"$(inherited)",
				);
				GCC_WARN_64_TO_32_BIT_CONVERSION = YES;
				GCC_WARN_ABOUT_RETURN_TYPE = YES_ERROR;
				GCC_WARN_UNDECLARED_SELECTOR = YES;
				GCC_WARN_UNINITIALIZED_AUTOS = YES_AGGRESSIVE;
				GCC_WARN_UNUSED_FUNCTION = YES;
				GCC_WARN_UNUSED_VARIABLE = YES;
				IPHONEOS_DEPLOYMENT_TARGET = 11.4;
				MTL_ENABLE_DEBUG_INFO = YES;
				ONLY_ACTIVE_ARCH = YES;
				SDKROOT = iphoneos;
				SWIFT_ACTIVE_COMPILATION_CONDITIONS = DEBUG;
				SWIFT_OPTIMIZATION_LEVEL = "-Onone";
			};
			name = Debug;
		};
		7A667A3B212A4326001D751F /* Release */ = {
			isa = XCBuildConfiguration;
			buildSettings = {
				ALWAYS_SEARCH_USER_PATHS = NO;
				CLANG_ANALYZER_NONNULL = YES;
				CLANG_ANALYZER_NUMBER_OBJECT_CONVERSION = YES_AGGRESSIVE;
				CLANG_CXX_LANGUAGE_STANDARD = "gnu++14";
				CLANG_CXX_LIBRARY = "libc++";
				CLANG_ENABLE_MODULES = YES;
				CLANG_ENABLE_OBJC_ARC = YES;
				CLANG_ENABLE_OBJC_WEAK = YES;
				CLANG_WARN_BLOCK_CAPTURE_AUTORELEASING = YES;
				CLANG_WARN_BOOL_CONVERSION = YES;
				CLANG_WARN_COMMA = YES;
				CLANG_WARN_CONSTANT_CONVERSION = YES;
				CLANG_WARN_DEPRECATED_OBJC_IMPLEMENTATIONS = YES;
				CLANG_WARN_DIRECT_OBJC_ISA_USAGE = YES_ERROR;
				CLANG_WARN_DOCUMENTATION_COMMENTS = YES;
				CLANG_WARN_EMPTY_BODY = YES;
				CLANG_WARN_ENUM_CONVERSION = YES;
				CLANG_WARN_INFINITE_RECURSION = YES;
				CLANG_WARN_INT_CONVERSION = YES;
				CLANG_WARN_NON_LITERAL_NULL_CONVERSION = YES;
				CLANG_WARN_OBJC_IMPLICIT_RETAIN_SELF = YES;
				CLANG_WARN_OBJC_LITERAL_CONVERSION = YES;
				CLANG_WARN_OBJC_ROOT_CLASS = YES_ERROR;
				CLANG_WARN_RANGE_LOOP_ANALYSIS = YES;
				CLANG_WARN_STRICT_PROTOTYPES = YES;
				CLANG_WARN_SUSPICIOUS_MOVE = YES;
				CLANG_WARN_UNGUARDED_AVAILABILITY = YES_AGGRESSIVE;
				CLANG_WARN_UNREACHABLE_CODE = YES;
				CLANG_WARN__DUPLICATE_METHOD_MATCH = YES;
				CODE_SIGN_IDENTITY = "iPhone Developer";
				COPY_PHASE_STRIP = NO;
				DEBUG_INFORMATION_FORMAT = "dwarf-with-dsym";
				ENABLE_NS_ASSERTIONS = NO;
				ENABLE_STRICT_OBJC_MSGSEND = YES;
				GCC_C_LANGUAGE_STANDARD = gnu11;
				GCC_NO_COMMON_BLOCKS = YES;
				GCC_WARN_64_TO_32_BIT_CONVERSION = YES;
				GCC_WARN_ABOUT_RETURN_TYPE = YES_ERROR;
				GCC_WARN_UNDECLARED_SELECTOR = YES;
				GCC_WARN_UNINITIALIZED_AUTOS = YES_AGGRESSIVE;
				GCC_WARN_UNUSED_FUNCTION = YES;
				GCC_WARN_UNUSED_VARIABLE = YES;
				IPHONEOS_DEPLOYMENT_TARGET = 11.4;
				MTL_ENABLE_DEBUG_INFO = NO;
				SDKROOT = iphoneos;
				SWIFT_COMPILATION_MODE = wholemodule;
				SWIFT_OPTIMIZATION_LEVEL = "-O";
				VALIDATE_PRODUCT = YES;
			};
			name = Release;
		};
		7A667A3D212A4326001D751F /* Debug */ = {
			isa = XCBuildConfiguration;
			baseConfigurationReference = 0C8E6E02F4AC29FB525CF99C /* Pods-LiverpoolExercise.debug.xcconfig */;
			buildSettings = {
				ASSETCATALOG_COMPILER_APPICON_NAME = AppIcon;
				CODE_SIGN_STYLE = Automatic;
				DEVELOPMENT_TEAM = MBBNY4QZ65;
				INFOPLIST_FILE = LiverpoolExercise/Info.plist;
				IPHONEOS_DEPLOYMENT_TARGET = 11.0;
				LD_RUNPATH_SEARCH_PATHS = (
					"$(inherited)",
					"@executable_path/Frameworks",
				);
				PRODUCT_BUNDLE_IDENTIFIER = com.ILA.LiverpoolExercise;
				PRODUCT_NAME = "$(TARGET_NAME)";
				SWIFT_VERSION = 4.0;
				TARGETED_DEVICE_FAMILY = "1,2";
			};
			name = Debug;
		};
		7A667A3E212A4326001D751F /* Release */ = {
			isa = XCBuildConfiguration;
			baseConfigurationReference = 03DBECBFDE2F6D0888A8049A /* Pods-LiverpoolExercise.release.xcconfig */;
			buildSettings = {
				ASSETCATALOG_COMPILER_APPICON_NAME = AppIcon;
				CODE_SIGN_STYLE = Automatic;
				DEVELOPMENT_TEAM = MBBNY4QZ65;
				INFOPLIST_FILE = LiverpoolExercise/Info.plist;
				IPHONEOS_DEPLOYMENT_TARGET = 11.0;
				LD_RUNPATH_SEARCH_PATHS = (
					"$(inherited)",
					"@executable_path/Frameworks",
				);
				PRODUCT_BUNDLE_IDENTIFIER = com.ILA.LiverpoolExercise;
				PRODUCT_NAME = "$(TARGET_NAME)";
				SWIFT_VERSION = 4.0;
				TARGETED_DEVICE_FAMILY = "1,2";
			};
			name = Release;
		};
/* End XCBuildConfiguration section */

/* Begin XCConfigurationList section */
		7A667A22212A4326001D751F /* Build configuration list for PBXProject "LiverpoolExercise" */ = {
			isa = XCConfigurationList;
			buildConfigurations = (
				7A667A3A212A4326001D751F /* Debug */,
				7A667A3B212A4326001D751F /* Release */,
			);
			defaultConfigurationIsVisible = 0;
			defaultConfigurationName = Release;
		};
		7A667A3C212A4326001D751F /* Build configuration list for PBXNativeTarget "LiverpoolExercise" */ = {
			isa = XCConfigurationList;
			buildConfigurations = (
				7A667A3D212A4326001D751F /* Debug */,
				7A667A3E212A4326001D751F /* Release */,
			);
			defaultConfigurationIsVisible = 0;
			defaultConfigurationName = Release;
		};
/* End XCConfigurationList section */

/* Begin XCVersionGroup section */
		7A667A31212A4326001D751F /* LiverpoolExercise.xcdatamodeld */ = {
			isa = XCVersionGroup;
			children = (
				7A667A32212A4326001D751F /* LiverpoolExercise.xcdatamodel */,
			);
			currentVersion = 7A667A32212A4326001D751F /* LiverpoolExercise.xcdatamodel */;
			path = LiverpoolExercise.xcdatamodeld;
			sourceTree = "<group>";
			versionGroupType = wrapper.xcdatamodel;
		};
/* End XCVersionGroup section */
	};
	rootObject = 7A667A1F212A4326001D751F /* Project object */;
}
